
Microsoft Visual Studio Solution File, Format Version 12.00
# Visual Studio 15
VisualStudioVersion = 15.0.28307.779
MinimumVisualStudioVersion = 10.0.40219.1
Project("{FAE04EC0-301F-11D3-BF4B-00C04F79EFBC}") = "DesktopApp3", "DesktopApp3\DesktopApp3.csproj", "{8C821030-4602-4352-A9E5-573D650FAD2A}"
EndProject
Global
	GlobalSection(SolutionConfigurationPlatforms) = preSolution
		Debug|Any CPU = Debug|Any CPU
		Release|Any CPU = Release|Any CPU
	EndGlobalSection
	GlobalSection(ProjectConfigurationPlatforms) = postSolution
		{8C821030-4602-4352-A9E5-573D650FAD2A}.Debug|Any CPU.ActiveCfg = Debug|Any CPU
		{8C821030-4602-4352-A9E5-573D650FAD2A}.Debug|Any CPU.Build.0 = Debug|Any CPU
		{8C821030-4602-4352-A9E5-573D650FAD2A}.Release|Any CPU.ActiveCfg = Release|Any CPU
		{8C821030-4602-4352-A9E5-573D650FAD2A}.Release|Any CPU.Build.0 = Release|Any CPU
	EndGlobalSection
	GlobalSection(SolutionProperties) = preSolution
		HideSolutionNode = FALSE
	EndGlobalSection
	GlobalSection(ExtensibilityGlobals) = postSolution
		SolutionGuid = {729F2231-7AD4-42E9-B062-734910871160}
	EndGlobalSection
EndGlobal
